// !$*UTF8*$!
{
	archiveVersion = 1;
	classes = {
	};
	objectVersion = 51;
	objects = {

/* Begin PBXBuildFile section */
		3C58FCB923BF848F0069D4A4 /* APIRequest.swift in Sources */ = {isa = PBXBuildFile; fileRef = 3C58FCB823BF848F0069D4A4 /* APIRequest.swift */; };
		3C58FCBB23BF88440069D4A4 /* APIResource.swift in Sources */ = {isa = PBXBuildFile; fileRef = 3C58FCBA23BF88440069D4A4 /* APIResource.swift */; };
		3C58FCBD23BF89BC0069D4A4 /* APIParameters.swift in Sources */ = {isa = PBXBuildFile; fileRef = 3C58FCBC23BF89BC0069D4A4 /* APIParameters.swift */; };
		3CA3180D23BE561B003E100E /* AppDelegate.swift in Sources */ = {isa = PBXBuildFile; fileRef = 3CA3180C23BE561B003E100E /* AppDelegate.swift */; };
		3CA3180F23BE561B003E100E /* SceneDelegate.swift in Sources */ = {isa = PBXBuildFile; fileRef = 3CA3180E23BE561B003E100E /* SceneDelegate.swift */; };
		3CA3181223BE561B003E100E /* ___.xcdatamodeld in Sources */ = {isa = PBXBuildFile; fileRef = 3CA3181023BE561B003E100E /* ___.xcdatamodeld */; };
		3CA3181423BE561B003E100E /* ContentView.swift in Sources */ = {isa = PBXBuildFile; fileRef = 3CA3181323BE561B003E100E /* ContentView.swift */; };
		3CA3181623BE561D003E100E /* Assets.xcassets in Resources */ = {isa = PBXBuildFile; fileRef = 3CA3181523BE561D003E100E /* Assets.xcassets */; };
		3CA3181923BE561D003E100E /* Preview Assets.xcassets in Resources */ = {isa = PBXBuildFile; fileRef = 3CA3181823BE561D003E100E /* Preview Assets.xcassets */; };
		3CA3181C23BE561D003E100E /* LaunchScreen.storyboard in Resources */ = {isa = PBXBuildFile; fileRef = 3CA3181A23BE561D003E100E /* LaunchScreen.storyboard */; };
		3CA3184323BE5BDB003E100E /* API.swift in Sources */ = {isa = PBXBuildFile; fileRef = 3CA3184223BE5BDB003E100E /* API.swift */; };
		3CA3184823BE5E08003E100E /* Podfile in Resources */ = {isa = PBXBuildFile; fileRef = 3CA3184723BE5E07003E100E /* Podfile */; };
		3CFC2E0A23C03229005DE991 /* GoodsRowView.swift in Sources */ = {isa = PBXBuildFile; fileRef = 3CFC2E0923C03229005DE991 /* GoodsRowView.swift */; };
		67F629A380FBAE029698B739 /* Pods_yxj.framework in Frameworks */ = {isa = PBXBuildFile; fileRef = F5AD2EDE5FD786571605CD8A /* Pods_yxj.framework */; };
/* End PBXBuildFile section */

/* Begin PBXFileReference section */
		36A3A6C9F4B01A436987EAC1 /* Pods-yxj.release.xcconfig */ = {isa = PBXFileReference; includeInIndex = 1; lastKnownFileType = text.xcconfig; name = "Pods-yxj.release.xcconfig"; path = "Target Support Files/Pods-yxj/Pods-yxj.release.xcconfig"; sourceTree = "<group>"; };
		3C58FCB823BF848F0069D4A4 /* APIRequest.swift */ = {isa = PBXFileReference; lastKnownFileType = sourcecode.swift; path = APIRequest.swift; sourceTree = "<group>"; };
		3C58FCBA23BF88440069D4A4 /* APIResource.swift */ = {isa = PBXFileReference; lastKnownFileType = sourcecode.swift; path = APIResource.swift; sourceTree = "<group>"; };
		3C58FCBC23BF89BC0069D4A4 /* APIParameters.swift */ = {isa = PBXFileReference; lastKnownFileType = sourcecode.swift; path = APIParameters.swift; sourceTree = "<group>"; };
		3CA3180923BE561B003E100E /* yxj.app */ = {isa = PBXFileReference; explicitFileType = wrapper.application; includeInIndex = 0; path = yxj.app; sourceTree = BUILT_PRODUCTS_DIR; };
		3CA3180C23BE561B003E100E /* AppDelegate.swift */ = {isa = PBXFileReference; lastKnownFileType = sourcecode.swift; path = AppDelegate.swift; sourceTree = "<group>"; };
		3CA3180E23BE561B003E100E /* SceneDelegate.swift */ = {isa = PBXFileReference; lastKnownFileType = sourcecode.swift; path = SceneDelegate.swift; sourceTree = "<group>"; };
		3CA3181123BE561B003E100E /* ___.xcdatamodel */ = {isa = PBXFileReference; lastKnownFileType = wrapper.xcdatamodel; path = "___.xcdatamodel"; sourceTree = "<group>"; };
		3CA3181323BE561B003E100E /* ContentView.swift */ = {isa = PBXFileReference; lastKnownFileType = sourcecode.swift; path = ContentView.swift; sourceTree = "<group>"; };
		3CA3181523BE561D003E100E /* Assets.xcassets */ = {isa = PBXFileReference; lastKnownFileType = folder.assetcatalog; path = Assets.xcassets; sourceTree = "<group>"; };
		3CA3181823BE561D003E100E /* Preview Assets.xcassets */ = {isa = PBXFileReference; lastKnownFileType = folder.assetcatalog; path = "Preview Assets.xcassets"; sourceTree = "<group>"; };
		3CA3181B23BE561D003E100E /* Base */ = {isa = PBXFileReference; lastKnownFileType = file.storyboard; name = Base; path = Base.lproj/LaunchScreen.storyboard; sourceTree = "<group>"; };
		3CA3181D23BE561D003E100E /* Info.plist */ = {isa = PBXFileReference; lastKnownFileType = text.plist.xml; path = Info.plist; sourceTree = "<group>"; };
		3CA3184223BE5BDB003E100E /* API.swift */ = {isa = PBXFileReference; lastKnownFileType = sourcecode.swift; path = API.swift; sourceTree = "<group>"; };
		3CA3184623BE5DF3003E100E /* Podfile */ = {isa = PBXFileReference; lastKnownFileType = text; name = Podfile; path = "/Users/Luobro/workspace/swift demo/游戏基/yxj/Podfile"; sourceTree = "<absolute>"; };
		3CA3184723BE5E07003E100E /* Podfile */ = {isa = PBXFileReference; explicitFileType = text.script.ruby; fileEncoding = 4; path = Podfile; sourceTree = "<group>"; xcLanguageSpecificationIdentifier = xcode.lang.ruby; };
		3CFC2E0923C03229005DE991 /* GoodsRowView.swift */ = {isa = PBXFileReference; lastKnownFileType = sourcecode.swift; path = GoodsRowView.swift; sourceTree = "<group>"; };
		8E4CE8D8C9FCB040FEBB5AE7 /* Pods-yxj.debug.xcconfig */ = {isa = PBXFileReference; includeInIndex = 1; lastKnownFileType = text.xcconfig; name = "Pods-yxj.debug.xcconfig"; path = "Target Support Files/Pods-yxj/Pods-yxj.debug.xcconfig"; sourceTree = "<group>"; };
		F5AD2EDE5FD786571605CD8A /* Pods_yxj.framework */ = {isa = PBXFileReference; explicitFileType = wrapper.framework; includeInIndex = 0; path = Pods_yxj.framework; sourceTree = BUILT_PRODUCTS_DIR; };
/* End PBXFileReference section */

/* Begin PBXFrameworksBuildPhase section */
		3CA3180623BE561B003E100E /* Frameworks */ = {
			isa = PBXFrameworksBuildPhase;
			buildActionMask = 2147483647;
			files = (
				67F629A380FBAE029698B739 /* Pods_yxj.framework in Frameworks */,
			);
			runOnlyForDeploymentPostprocessing = 0;
		};
/* End PBXFrameworksBuildPhase section */

/* Begin PBXGroup section */
		3CA3180023BE561B003E100E = {
			isa = PBXGroup;
			children = (
				3CA3184723BE5E07003E100E /* Podfile */,
				3CA3180B23BE561B003E100E /* yxj */,
				3CA3180A23BE561B003E100E /* Products */,
				BF30A2D83D8146641ABE8F3C /* Pods */,
				77547F1927EF78F7E9F2AA74 /* Frameworks */,
			);
			sourceTree = "<group>";
		};
		3CA3180A23BE561B003E100E /* Products */ = {
			isa = PBXGroup;
			children = (
				3CA3180923BE561B003E100E /* yxj.app */,
			);
			name = Products;
			sourceTree = "<group>";
		};
		3CA3180B23BE561B003E100E /* yxj */ = {
			isa = PBXGroup;
			children = (
				3CA3181D23BE561D003E100E /* Info.plist */,
				3CA3184623BE5DF3003E100E /* Podfile */,
				3CA3180C23BE561B003E100E /* AppDelegate.swift */,
				3CA3180E23BE561B003E100E /* SceneDelegate.swift */,
				3CA3181523BE561D003E100E /* Assets.xcassets */,
				3CA3181023BE561B003E100E /* ___.xcdatamodeld */,
				3CA3181A23BE561D003E100E /* LaunchScreen.storyboard */,
				3CA3181723BE561D003E100E /* Preview Content */,
				3CA3183F23BE5B81003E100E /* View */,
				3CA3184123BE5BBD003E100E /* Network */,
			);
			path = yxj;
			sourceTree = "<group>";
		};
		3CA3181723BE561D003E100E /* Preview Content */ = {
			isa = PBXGroup;
			children = (
				3CA3181823BE561D003E100E /* Preview Assets.xcassets */,
			);
			path = "Preview Content";
			sourceTree = "<group>";
		};
		3CA3183F23BE5B81003E100E /* View */ = {
			isa = PBXGroup;
			children = (
				3CA3181323BE561B003E100E /* ContentView.swift */,
				3CFC2E0923C03229005DE991 /* GoodsRowView.swift */,
			);
			path = View;
			sourceTree = "<group>";
		};
		3CA3184123BE5BBD003E100E /* Network */ = {
			isa = PBXGroup;
			children = (
				3CA3184223BE5BDB003E100E /* API.swift */,
				3C58FCB823BF848F0069D4A4 /* APIRequest.swift */,
				3C58FCBA23BF88440069D4A4 /* APIResource.swift */,
				3C58FCBC23BF89BC0069D4A4 /* APIParameters.swift */,
			);
			path = Network;
			sourceTree = "<group>";
		};
		77547F1927EF78F7E9F2AA74 /* Frameworks */ = {
			isa = PBXGroup;
			children = (
				F5AD2EDE5FD786571605CD8A /* Pods_yxj.framework */,
			);
			name = Frameworks;
			sourceTree = "<group>";
		};
		BF30A2D83D8146641ABE8F3C /* Pods */ = {
			isa = PBXGroup;
			children = (
				8E4CE8D8C9FCB040FEBB5AE7 /* Pods-yxj.debug.xcconfig */,
				36A3A6C9F4B01A436987EAC1 /* Pods-yxj.release.xcconfig */,
			);
			path = Pods;
			sourceTree = "<group>";
		};
/* End PBXGroup section */

/* Begin PBXNativeTarget section */
		3CA3180823BE561B003E100E /* yxj */ = {
			isa = PBXNativeTarget;
			buildConfigurationList = 3CA3183623BE561D003E100E /* Build configuration list for PBXNativeTarget "yxj" */;
			buildPhases = (
				D54017209BADDFBF2C751310 /* [CP] Check Pods Manifest.lock */,
				3CA3180523BE561B003E100E /* Sources */,
				3CA3180623BE561B003E100E /* Frameworks */,
				3CA3180723BE561B003E100E /* Resources */,
				628AD3C0BC174E536C404206 /* [CP] Embed Pods Frameworks */,
			);
			buildRules = (
			);
			dependencies = (
			);
			name = yxj;
			productName = "游戏基";
			productReference = 3CA3180923BE561B003E100E /* yxj.app */;
			productType = "com.apple.product-type.application";
		};
/* End PBXNativeTarget section */

/* Begin PBXProject section */
		3CA3180123BE561B003E100E /* Project object */ = {
			isa = PBXProject;
			attributes = {
				LastSwiftUpdateCheck = 1130;
				LastUpgradeCheck = 1130;
				ORGANIZATIONNAME = "罗彦鹏";
				TargetAttributes = {
					3CA3180823BE561B003E100E = {
						CreatedOnToolsVersion = 11.3;
					};
				};
			};
			buildConfigurationList = 3CA3180423BE561B003E100E /* Build configuration list for PBXProject "yxj" */;
			compatibilityVersion = "Xcode 9.3";
			developmentRegion = en;
			hasScannedForEncodings = 0;
			knownRegions = (
				en,
				Base,
			);
			mainGroup = 3CA3180023BE561B003E100E;
			productRefGroup = 3CA3180A23BE561B003E100E /* Products */;
			projectDirPath = "";
			projectRoot = "";
			targets = (
				3CA3180823BE561B003E100E /* yxj */,
			);
		};
/* End PBXProject section */

/* Begin PBXResourcesBuildPhase section */
		3CA3180723BE561B003E100E /* Resources */ = {
			isa = PBXResourcesBuildPhase;
			buildActionMask = 2147483647;
			files = (
				3CA3181C23BE561D003E100E /* LaunchScreen.storyboard in Resources */,
				3CA3181923BE561D003E100E /* Preview Assets.xcassets in Resources */,
				3CA3184823BE5E08003E100E /* Podfile in Resources */,
				3CA3181623BE561D003E100E /* Assets.xcassets in Resources */,
			);
			runOnlyForDeploymentPostprocessing = 0;
		};
/* End PBXResourcesBuildPhase section */

/* Begin PBXShellScriptBuildPhase section */
		628AD3C0BC174E536C404206 /* [CP] Embed Pods Frameworks */ = {
			isa = PBXShellScriptBuildPhase;
			buildActionMask = 2147483647;
			files = (
			);
			inputFileListPaths = (
				"${PODS_ROOT}/Target Support Files/Pods-yxj/Pods-yxj-frameworks-${CONFIGURATION}-input-files.xcfilelist",
			);
			name = "[CP] Embed Pods Frameworks";
			outputFileListPaths = (
				"${PODS_ROOT}/Target Support Files/Pods-yxj/Pods-yxj-frameworks-${CONFIGURATION}-output-files.xcfilelist",
			);
			runOnlyForDeploymentPostprocessing = 0;
			shellPath = /bin/sh;
			shellScript = "\"${PODS_ROOT}/Target Support Files/Pods-yxj/Pods-yxj-frameworks.sh\"\n";
			showEnvVarsInLog = 0;
		};
		D54017209BADDFBF2C751310 /* [CP] Check Pods Manifest.lock */ = {
			isa = PBXShellScriptBuildPhase;
			buildActionMask = 2147483647;
			files = (
			);
			inputFileListPaths = (
			);
			inputPaths = (
				"${PODS_PODFILE_DIR_PATH}/Podfile.lock",
				"${PODS_ROOT}/Manifest.lock",
			);
			name = "[CP] Check Pods Manifest.lock";
			outputFileListPaths = (
			);
			outputPaths = (
				"$(DERIVED_FILE_DIR)/Pods-yxj-checkManifestLockResult.txt",
			);
			runOnlyForDeploymentPostprocessing = 0;
			shellPath = /bin/sh;
			shellScript = "diff \"${PODS_PODFILE_DIR_PATH}/Podfile.lock\" \"${PODS_ROOT}/Manifest.lock\" > /dev/null\nif [ $? != 0 ] ; then\n    # print error to STDERR\n    echo \"error: The sandbox is not in sync with the Podfile.lock. Run 'pod install' or update your CocoaPods installation.\" >&2\n    exit 1\nfi\n# This output is used by Xcode 'outputs' to avoid re-running this script phase.\necho \"SUCCESS\" > \"${SCRIPT_OUTPUT_FILE_0}\"\n";
			showEnvVarsInLog = 0;
		};
/* End PBXShellScriptBuildPhase section */

/* Begin PBXSourcesBuildPhase section */
		3CA3180523BE561B003E100E /* Sources */ = {
			isa = PBXSourcesBuildPhase;
			buildActionMask = 2147483647;
			files = (
				3CA3180D23BE561B003E100E /* AppDelegate.swift in Sources */,
				3CA3180F23BE561B003E100E /* SceneDelegate.swift in Sources */,
				3CA3181423BE561B003E100E /* ContentView.swift in Sources */,
				3CA3184323BE5BDB003E100E /* API.swift in Sources */,
				3C58FCBD23BF89BC0069D4A4 /* APIParameters.swift in Sources */,
				3C58FCBB23BF88440069D4A4 /* APIResource.swift in Sources */,
				3C58FCB923BF848F0069D4A4 /* APIRequest.swift in Sources */,
				3CFC2E0A23C03229005DE991 /* GoodsRowView.swift in Sources */,
				3CA3181223BE561B003E100E /* ___.xcdatamodeld in Sources */,
			);
			runOnlyForDeploymentPostprocessing = 0;
		};
/* End PBXSourcesBuildPhase section */

/* Begin PBXVariantGroup section */
		3CA3181A23BE561D003E100E /* LaunchScreen.storyboard */ = {
			isa = PBXVariantGroup;
			children = (
				3CA3181B23BE561D003E100E /* Base */,
			);
			name = LaunchScreen.storyboard;
			sourceTree = "<group>";
		};
/* End PBXVariantGroup section */

/* Begin XCBuildConfiguration section */
		3CA3183423BE561D003E100E /* Debug */ = {
			isa = XCBuildConfiguration;
			buildSettings = {
				ALWAYS_EMBED_SWIFT_STANDARD_LIBRARIES = "$(inherited)";
				ALWAYS_SEARCH_USER_PATHS = NO;
				CLANG_ANALYZER_NONNULL = YES;
				CLANG_ANALYZER_NUMBER_OBJECT_CONVERSION = YES_AGGRESSIVE;
				CLANG_CXX_LANGUAGE_STANDARD = "gnu++14";
				CLANG_CXX_LIBRARY = "libc++";
				CLANG_ENABLE_MODULES = YES;
				CLANG_ENABLE_OBJC_ARC = YES;
				CLANG_ENABLE_OBJC_WEAK = YES;
				CLANG_WARN_BLOCK_CAPTURE_AUTORELEASING = YES;
				CLANG_WARN_BOOL_CONVERSION = YES;
				CLANG_WARN_COMMA = YES;
				CLANG_WARN_CONSTANT_CONVERSION = YES;
				CLANG_WARN_DEPRECATED_OBJC_IMPLEMENTATIONS = YES;
				CLANG_WARN_DIRECT_OBJC_ISA_USAGE = YES_ERROR;
				CLANG_WARN_DOCUMENTATION_COMMENTS = YES;
				CLANG_WARN_EMPTY_BODY = YES;
				CLANG_WARN_ENUM_CONVERSION = YES;
				CLANG_WARN_INFINITE_RECURSION = YES;
				CLANG_WARN_INT_CONVERSION = YES;
				CLANG_WARN_NON_LITERAL_NULL_CONVERSION = YES;
				CLANG_WARN_OBJC_IMPLICIT_RETAIN_SELF = YES;
				CLANG_WARN_OBJC_LITERAL_CONVERSION = YES;
				CLANG_WARN_OBJC_ROOT_CLASS = YES_ERROR;
				CLANG_WARN_RANGE_LOOP_ANALYSIS = YES;
				CLANG_WARN_STRICT_PROTOTYPES = YES;
				CLANG_WARN_SUSPICIOUS_MOVE = YES;
				CLANG_WARN_UNGUARDED_AVAILABILITY = YES_AGGRESSIVE;
				CLANG_WARN_UNREACHABLE_CODE = YES;
				CLANG_WARN__DUPLICATE_METHOD_MATCH = YES;
				COPY_PHASE_STRIP = NO;
				DEBUG_INFORMATION_FORMAT = dwarf;
				ENABLE_STRICT_OBJC_MSGSEND = YES;
				ENABLE_TESTABILITY = YES;
				GCC_C_LANGUAGE_STANDARD = gnu11;
				GCC_DYNAMIC_NO_PIC = NO;
				GCC_NO_COMMON_BLOCKS = YES;
				GCC_OPTIMIZATION_LEVEL = 0;
				GCC_PREPROCESSOR_DEFINITIONS = (
					"DEBUG=1",
					"$(inherited)",
				);
				GCC_WARN_64_TO_32_BIT_CONVERSION = YES;
				GCC_WARN_ABOUT_RETURN_TYPE = YES_ERROR;
				GCC_WARN_UNDECLARED_SELECTOR = YES;
				GCC_WARN_UNINITIALIZED_AUTOS = YES_AGGRESSIVE;
				GCC_WARN_UNUSED_FUNCTION = YES;
				GCC_WARN_UNUSED_VARIABLE = YES;
				IPHONEOS_DEPLOYMENT_TARGET = 13.2;
				MTL_ENABLE_DEBUG_INFO = INCLUDE_SOURCE;
				MTL_FAST_MATH = YES;
				ONLY_ACTIVE_ARCH = YES;
				SDKROOT = iphoneos;
				SWIFT_ACTIVE_COMPILATION_CONDITIONS = DEBUG;
				SWIFT_OPTIMIZATION_LEVEL = "-Onone";
			};
			name = Debug;
		};
		3CA3183523BE561D003E100E /* Release */ = {
			isa = XCBuildConfiguration;
			buildSettings = {
				ALWAYS_EMBED_SWIFT_STANDARD_LIBRARIES = "$(inherited)";
				ALWAYS_SEARCH_USER_PATHS = NO;
				CLANG_ANALYZER_NONNULL = YES;
				CLANG_ANALYZER_NUMBER_OBJECT_CONVERSION = YES_AGGRESSIVE;
				CLANG_CXX_LANGUAGE_STANDARD = "gnu++14";
				CLANG_CXX_LIBRARY = "libc++";
				CLANG_ENABLE_MODULES = YES;
				CLANG_ENABLE_OBJC_ARC = YES;
				CLANG_ENABLE_OBJC_WEAK = YES;
				CLANG_WARN_BLOCK_CAPTURE_AUTORELEASING = YES;
				CLANG_WARN_BOOL_CONVERSION = YES;
				CLANG_WARN_COMMA = YES;
				CLANG_WARN_CONSTANT_CONVERSION = YES;
				CLANG_WARN_DEPRECATED_OBJC_IMPLEMENTATIONS = YES;
				CLANG_WARN_DIRECT_OBJC_ISA_USAGE = YES_ERROR;
				CLANG_WARN_DOCUMENTATION_COMMENTS = YES;
				CLANG_WARN_EMPTY_BODY = YES;
				CLANG_WARN_ENUM_CONVERSION = YES;
				CLANG_WARN_INFINITE_RECURSION = YES;
				CLANG_WARN_INT_CONVERSION = YES;
				CLANG_WARN_NON_LITERAL_NULL_CONVERSION = YES;
				CLANG_WARN_OBJC_IMPLICIT_RETAIN_SELF = YES;
				CLANG_WARN_OBJC_LITERAL_CONVERSION = YES;
				CLANG_WARN_OBJC_ROOT_CLASS = YES_ERROR;
				CLANG_WARN_RANGE_LOOP_ANALYSIS = YES;
				CLANG_WARN_STRICT_PROTOTYPES = YES;
				CLANG_WARN_SUSPICIOUS_MOVE = YES;
				CLANG_WARN_UNGUARDED_AVAILABILITY = YES_AGGRESSIVE;
				CLANG_WARN_UNREACHABLE_CODE = YES;
				CLANG_WARN__DUPLICATE_METHOD_MATCH = YES;
				COPY_PHASE_STRIP = NO;
				DEBUG_INFORMATION_FORMAT = "dwarf-with-dsym";
				ENABLE_NS_ASSERTIONS = NO;
				ENABLE_STRICT_OBJC_MSGSEND = YES;
				GCC_C_LANGUAGE_STANDARD = gnu11;
				GCC_NO_COMMON_BLOCKS = YES;
				GCC_WARN_64_TO_32_BIT_CONVERSION = YES;
				GCC_WARN_ABOUT_RETURN_TYPE = YES_ERROR;
				GCC_WARN_UNDECLARED_SELECTOR = YES;
				GCC_WARN_UNINITIALIZED_AUTOS = YES_AGGRESSIVE;
				GCC_WARN_UNUSED_FUNCTION = YES;
				GCC_WARN_UNUSED_VARIABLE = YES;
				IPHONEOS_DEPLOYMENT_TARGET = 13.2;
				MTL_ENABLE_DEBUG_INFO = NO;
				MTL_FAST_MATH = YES;
				SDKROOT = iphoneos;
				SWIFT_COMPILATION_MODE = wholemodule;
				SWIFT_OPTIMIZATION_LEVEL = "-O";
				VALIDATE_PRODUCT = YES;
			};
			name = Release;
		};
		3CA3183723BE561D003E100E /* Debug */ = {
			isa = XCBuildConfiguration;
			baseConfigurationReference = 8E4CE8D8C9FCB040FEBB5AE7 /* Pods-yxj.debug.xcconfig */;
			buildSettings = {
				ALWAYS_EMBED_SWIFT_STANDARD_LIBRARIES = "$(inherited)";
				ASSETCATALOG_COMPILER_APPICON_NAME = AppIcon;
				CODE_SIGN_STYLE = Automatic;
				DEVELOPMENT_ASSET_PATHS = "\"yxj/Preview Content\"";
				DEVELOPMENT_TEAM = W94FGD5TRM;
				ENABLE_PREVIEWS = YES;
				INFOPLIST_FILE = yxj/Info.plist;
				LD_RUNPATH_SEARCH_PATHS = (
					"$(inherited)",
					"@executable_path/Frameworks",
				);
				PRODUCT_BUNDLE_IDENTIFIER = "luobro.---";
				PRODUCT_NAME = "$(TARGET_NAME)";
				SWIFT_VERSION = 5.0;
				TARGETED_DEVICE_FAMILY = "1,2";
			};
			name = Debug;
		};
		3CA3183823BE561D003E100E /* Release */ = {
			isa = XCBuildConfiguration;
			baseConfigurationReference = 36A3A6C9F4B01A436987EAC1 /* Pods-yxj.release.xcconfig */;
			buildSettings = {
				ALWAYS_EMBED_SWIFT_STANDARD_LIBRARIES = "$(inherited)";
				ASSETCATALOG_COMPILER_APPICON_NAME = AppIcon;
				CODE_SIGN_STYLE = Automatic;
				DEVELOPMENT_ASSET_PATHS = "\"yxj/Preview Content\"";
				DEVELOPMENT_TEAM = W94FGD5TRM;
				ENABLE_PREVIEWS = YES;
				INFOPLIST_FILE = yxj/Info.plist;
				LD_RUNPATH_SEARCH_PATHS = (
					"$(inherited)",
					"@executable_path/Frameworks",
				);
				PRODUCT_BUNDLE_IDENTIFIER = "luobro.---";
				PRODUCT_NAME = "$(TARGET_NAME)";
				SWIFT_VERSION = 5.0;
				TARGETED_DEVICE_FAMILY = "1,2";
			};
			name = Release;
		};
/* End XCBuildConfiguration section */

/* Begin XCConfigurationList section */
		3CA3180423BE561B003E100E /* Build configuration list for PBXProject "yxj" */ = {
			isa = XCConfigurationList;
			buildConfigurations = (
				3CA3183423BE561D003E100E /* Debug */,
				3CA3183523BE561D003E100E /* Release */,
			);
			defaultConfigurationIsVisible = 0;
			defaultConfigurationName = Release;
		};
		3CA3183623BE561D003E100E /* Build configuration list for PBXNativeTarget "yxj" */ = {
			isa = XCConfigurationList;
			buildConfigurations = (
				3CA3183723BE561D003E100E /* Debug */,
				3CA3183823BE561D003E100E /* Release */,
			);
			defaultConfigurationIsVisible = 0;
			defaultConfigurationName = Release;
		};
/* End XCConfigurationList section */

/* Begin XCVersionGroup section */
		3CA3181023BE561B003E100E /* ___.xcdatamodeld */ = {
			isa = XCVersionGroup;
			children = (
				3CA3181123BE561B003E100E /* ___.xcdatamodel */,
			);
			currentVersion = 3CA3181123BE561B003E100E /* ___.xcdatamodel */;
			path = "___.xcdatamodeld";
			sourceTree = "<group>";
			versionGroupType = wrapper.xcdatamodel;
		};
/* End XCVersionGroup section */
	};
	rootObject = 3CA3180123BE561B003E100E /* Project object */;
}
